Microsoft Visual Studio Solution File, Format Version 12.00
# Visual Studio Version 17
VisualStudioVersion = 17.5.2.0
MinimumVisualStudioVersion = 10.0.40219.1
Project("{FAE04EC0-301F-11D3-BF4B-00C04F79EFBC}") = "Healthcare", "Healthcare.csproj", "{97F6AC3C-B9BB-46CB-117A-FA5E84F051D5}"
EndProject
Global
	GlobalSection(SolutionConfigurationPlatforms) = preSolution
		Debug|Any CPU = Debug|Any CPU
		Release|Any CPU = Release|Any CPU
	EndGlobalSection
	GlobalSection(ProjectConfigurationPlatforms) = postSolution
		{97F6AC3C-B9BB-46CB-117A-FA5E84F051D5}.Debug|Any CPU.ActiveCfg = Debug|Any CPU
		{97F6AC3C-B9BB-46CB-117A-FA5E84F051D5}.Debug|Any CPU.Build.0 = Debug|Any CPU
		{97F6AC3C-B9BB-46CB-117A-FA5E84F051D5}.Release|Any CPU.ActiveCfg = Release|Any CPU
		{97F6AC3C-B9BB-46CB-117A-FA5E84F051D5}.Release|Any CPU.Build.0 = Release|Any CPU
	EndGlobalSection
	GlobalSection(SolutionProperties) = preSolution
		HideSolutionNode = FALSE
	EndGlobalSection
	GlobalSection(ExtensibilityGlobals) = postSolution
		SolutionGuid = {55B86A91-B063-411B-B8F6-A36A028A9BF0}
	EndGlobalSection
EndGlobal
