<Solution>
  <Project Path="LPU_BL/LPU_BL.csproj" />
  <Project Path="LPU_Common/LPU_Common.csproj" Id="3d761db5-8506-4052-8586-2a07975ae5ac" />
  <Project Path="LPU_DAL/LPU_DAL.csproj" />
  <Project Path="LPU_Entity/LPU_Entity.csproj" />
  <Project Path="LPU_Exception/LPU_Exception.csproj" />
  <Project Path="LPU_UI/LPU_UI.csproj" />
</Solution>
