Microsoft Visual Studio Solution File, Format Version 12.00
# Visual Studio Version 17
VisualStudioVersion = 17.5.2.0
MinimumVisualStudioVersion = 10.0.40219.1
Project("{FAE04EC0-301F-11D3-BF4B-00C04F79EFBC}") = "Q2Practice", "Q2Practice.csproj", "{C8755F66-1199-70A9-BA7B-8DE6C20DDFDC}"
EndProject
Global
	GlobalSection(SolutionConfigurationPlatforms) = preSolution
		Debug|Any CPU = Debug|Any CPU
		Release|Any CPU = Release|Any CPU
	EndGlobalSection
	GlobalSection(ProjectConfigurationPlatforms) = postSolution
		{C8755F66-1199-70A9-BA7B-8DE6C20DDFDC}.Debug|Any CPU.ActiveCfg = Debug|Any CPU
		{C8755F66-1199-70A9-BA7B-8DE6C20DDFDC}.Debug|Any CPU.Build.0 = Debug|Any CPU
		{C8755F66-1199-70A9-BA7B-8DE6C20DDFDC}.Release|Any CPU.ActiveCfg = Release|Any CPU
		{C8755F66-1199-70A9-BA7B-8DE6C20DDFDC}.Release|Any CPU.Build.0 = Release|Any CPU
	EndGlobalSection
	GlobalSection(SolutionProperties) = preSolution
		HideSolutionNode = FALSE
	EndGlobalSection
	GlobalSection(ExtensibilityGlobals) = postSolution
		SolutionGuid = {9DA6F15B-4850-4BC1-8710-7002A6CF16FD}
	EndGlobalSection
EndGlobal
